
Microsoft Visual Studio Solution File, Format Version 12.00
# Visual Studio Version 17
VisualStudioVersion = 17.0.31903.59
MinimumVisualStudioVersion = 10.0.40219.1
Project("{2150E333-8FDC-42A3-9474-1A3956D46DE8}") = "src", "src", "{827E0CD3-B72D-47B6-A68D-7590B98EB39B}"
EndProject
Project("{FAE04EC0-301F-11D3-BF4B-00C04F79EFBC}") = "BSX.SharedKernel", "src\BSX.SharedKernel\BSX.SharedKernel.csproj", "{D06FDD99-79CF-4A73-9FE2-73F3A170F973}"
EndProject
Project("{FAE04EC0-301F-11D3-BF4B-00C04F79EFBC}") = "BSX.BuildingBlocks", "src\BSX.BuildingBlocks\BSX.BuildingBlocks.csproj", "{AF571C6D-B5F4-4E8F-873C-62A6ECAA502E}"
EndProject
Project("{FAE04EC0-301F-11D3-BF4B-00C04F79EFBC}") = "BSX.Web", "src\BSX.Web\BSX.Web.csproj", "{BC65EB70-0EC3-4B37-A7F6-846A434E7440}"
EndProject
Project("{2150E333-8FDC-42A3-9474-1A3956D46DE8}") = "tests", "tests", "{0AB3BF05-4346-4AA6-1389-037BE0695223}"
EndProject
Project("{FAE04EC0-301F-11D3-BF4B-00C04F79EFBC}") = "BSX.SharedKernel.UnitTests", "tests\BSX.SharedKernel.UnitTests\BSX.SharedKernel.UnitTests.csproj", "{C77D9E1B-C95A-40AB-9BEA-C402745578F8}"
EndProject
Project("{FAE04EC0-301F-11D3-BF4B-00C04F79EFBC}") = "BSX.BuildingBlocks.UnitTests", "tests\BSX.BuildingBlocks.UnitTests\BSX.BuildingBlocks.UnitTests.csproj", "{077DB0CB-0ED1-4DB9-9728-9FF7732CB0A7}"
EndProject
Project("{FAE04EC0-301F-11D3-BF4B-00C04F79EFBC}") = "BSX.ArchitectureTests", "tests\BSX.ArchitectureTests\BSX.ArchitectureTests.csproj", "{835981F2-5B29-4928-AC87-9F571773CA29}"
EndProject
Project("{2150E333-8FDC-42A3-9474-1A3956D46DE8}") = "Modules", "Modules", "{A1111111-1111-1111-1111-111111111111}"
EndProject
Project("{2150E333-8FDC-42A3-9474-1A3956D46DE8}") = "Platform", "Platform", "{A2222222-2222-2222-2222-222222222222}"
EndProject
Project("{2150E333-8FDC-42A3-9474-1A3956D46DE8}") = "docs", "docs", "{A3333333-3333-3333-3333-333333333333}"
EndProject
Project("{2150E333-8FDC-42A3-9474-1A3956D46DE8}") = "infrastructure", "infrastructure", "{A4444444-4444-4444-4444-444444444444}"
EndProject
Global
	GlobalSection(SolutionConfigurationPlatforms) = preSolution
		Debug|Any CPU = Debug|Any CPU
		Debug|x64 = Debug|x64
		Debug|x86 = Debug|x86
		Release|Any CPU = Release|Any CPU
		Release|x64 = Release|x64
		Release|x86 = Release|x86
	EndGlobalSection
	GlobalSection(ProjectConfigurationPlatforms) = postSolution
		{D06FDD99-79CF-4A73-9FE2-73F3A170F973}.Debug|Any CPU.ActiveCfg = Debug|Any CPU
		{D06FDD99-79CF-4A73-9FE2-73F3A170F973}.Debug|Any CPU.Build.0 = Debug|Any CPU
		{D06FDD99-79CF-4A73-9FE2-73F3A170F973}.Debug|x64.ActiveCfg = Debug|Any CPU
		{D06FDD99-79CF-4A73-9FE2-73F3A170F973}.Debug|x64.Build.0 = Debug|Any CPU
		{D06FDD99-79CF-4A73-9FE2-73F3A170F973}.Debug|x86.ActiveCfg = Debug|Any CPU
		{D06FDD99-79CF-4A73-9FE2-73F3A170F973}.Debug|x86.Build.0 = Debug|Any CPU
		{D06FDD99-79CF-4A73-9FE2-73F3A170F973}.Release|Any CPU.ActiveCfg = Release|Any CPU
		{D06FDD99-79CF-4A73-9FE2-73F3A170F973}.Release|Any CPU.Build.0 = Release|Any CPU
		{D06FDD99-79CF-4A73-9FE2-73F3A170F973}.Release|x64.ActiveCfg = Release|Any CPU
		{D06FDD99-79CF-4A73-9FE2-73F3A170F973}.Release|x64.Build.0 = Release|Any CPU
		{D06FDD99-79CF-4A73-9FE2-73F3A170F973}.Release|x86.ActiveCfg = Release|Any CPU
		{D06FDD99-79CF-4A73-9FE2-73F3A170F973}.Release|x86.Build.0 = Release|Any CPU
		{AF571C6D-B5F4-4E8F-873C-62A6ECAA502E}.Debug|Any CPU.ActiveCfg = Debug|Any CPU
		{AF571C6D-B5F4-4E8F-873C-62A6ECAA502E}.Debug|Any CPU.Build.0 = Debug|Any CPU
		{AF571C6D-B5F4-4E8F-873C-62A6ECAA502E}.Debug|x64.ActiveCfg = Debug|Any CPU
		{AF571C6D-B5F4-4E8F-873C-62A6ECAA502E}.Debug|x64.Build.0 = Debug|Any CPU
		{AF571C6D-B5F4-4E8F-873C-62A6ECAA502E}.Debug|x86.ActiveCfg = Debug|Any CPU
		{AF571C6D-B5F4-4E8F-873C-62A6ECAA502E}.Debug|x86.Build.0 = Debug|Any CPU
		{AF571C6D-B5F4-4E8F-873C-62A6ECAA502E}.Release|Any CPU.ActiveCfg = Release|Any CPU
		{AF571C6D-B5F4-4E8F-873C-62A6ECAA502E}.Release|Any CPU.Build.0 = Release|Any CPU
		{AF571C6D-B5F4-4E8F-873C-62A6ECAA502E}.Release|x64.ActiveCfg = Release|Any CPU
		{AF571C6D-B5F4-4E8F-873C-62A6ECAA502E}.Release|x64.Build.0 = Release|Any CPU
		{AF571C6D-B5F4-4E8F-873C-62A6ECAA502E}.Release|x86.ActiveCfg = Release|Any CPU
		{AF571C6D-B5F4-4E8F-873C-62A6ECAA502E}.Release|x86.Build.0 = Release|Any CPU
		{BC65EB70-0EC3-4B37-A7F6-846A434E7440}.Debug|Any CPU.ActiveCfg = Debug|Any CPU
		{BC65EB70-0EC3-4B37-A7F6-846A434E7440}.Debug|Any CPU.Build.0 = Debug|Any CPU
		{BC65EB70-0EC3-4B37-A7F6-846A434E7440}.Debug|x64.ActiveCfg = Debug|Any CPU
		{BC65EB70-0EC3-4B37-A7F6-846A434E7440}.Debug|x64.Build.0 = Debug|Any CPU
		{BC65EB70-0EC3-4B37-A7F6-846A434E7440}.Debug|x86.ActiveCfg = Debug|Any CPU
		{BC65EB70-0EC3-4B37-A7F6-846A434E7440}.Debug|x86.Build.0 = Debug|Any CPU
		{BC65EB70-0EC3-4B37-A7F6-846A434E7440}.Release|Any CPU.ActiveCfg = Release|Any CPU
		{BC65EB70-0EC3-4B37-A7F6-846A434E7440}.Release|Any CPU.Build.0 = Release|Any CPU
		{BC65EB70-0EC3-4B37-A7F6-846A434E7440}.Release|x64.ActiveCfg = Release|Any CPU
		{BC65EB70-0EC3-4B37-A7F6-846A434E7440}.Release|x64.Build.0 = Release|Any CPU
		{BC65EB70-0EC3-4B37-A7F6-846A434E7440}.Release|x86.ActiveCfg = Release|Any CPU
		{BC65EB70-0EC3-4B37-A7F6-846A434E7440}.Release|x86.Build.0 = Release|Any CPU
		{C77D9E1B-C95A-40AB-9BEA-C402745578F8}.Debug|Any CPU.ActiveCfg = Debug|Any CPU
		{C77D9E1B-C95A-40AB-9BEA-C402745578F8}.Debug|Any CPU.Build.0 = Debug|Any CPU
		{C77D9E1B-C95A-40AB-9BEA-C402745578F8}.Debug|x64.ActiveCfg = Debug|Any CPU
		{C77D9E1B-C95A-40AB-9BEA-C402745578F8}.Debug|x64.Build.0 = Debug|Any CPU
		{C77D9E1B-C95A-40AB-9BEA-C402745578F8}.Debug|x86.ActiveCfg = Debug|Any CPU
		{C77D9E1B-C95A-40AB-9BEA-C402745578F8}.Debug|x86.Build.0 = Debug|Any CPU
		{C77D9E1B-C95A-40AB-9BEA-C402745578F8}.Release|Any CPU.ActiveCfg = Release|Any CPU
		{C77D9E1B-C95A-40AB-9BEA-C402745578F8}.Release|Any CPU.Build.0 = Release|Any CPU
		{C77D9E1B-C95A-40AB-9BEA-C402745578F8}.Release|x64.ActiveCfg = Release|Any CPU
		{C77D9E1B-C95A-40AB-9BEA-C402745578F8}.Release|x64.Build.0 = Release|Any CPU
		{C77D9E1B-C95A-40AB-9BEA-C402745578F8}.Release|x86.ActiveCfg = Release|Any CPU
		{C77D9E1B-C95A-40AB-9BEA-C402745578F8}.Release|x86.Build.0 = Release|Any CPU
		{077DB0CB-0ED1-4DB9-9728-9FF7732CB0A7}.Debug|Any CPU.ActiveCfg = Debug|Any CPU
		{077DB0CB-0ED1-4DB9-9728-9FF7732CB0A7}.Debug|Any CPU.Build.0 = Debug|Any CPU
		{077DB0CB-0ED1-4DB9-9728-9FF7732CB0A7}.Debug|x64.ActiveCfg = Debug|Any CPU
		{077DB0CB-0ED1-4DB9-9728-9FF7732CB0A7}.Debug|x64.Build.0 = Debug|Any CPU
		{077DB0CB-0ED1-4DB9-9728-9FF7732CB0A7}.Debug|x86.ActiveCfg = Debug|Any CPU
		{077DB0CB-0ED1-4DB9-9728-9FF7732CB0A7}.Debug|x86.Build.0 = Debug|Any CPU
		{077DB0CB-0ED1-4DB9-9728-9FF7732CB0A7}.Release|Any CPU.ActiveCfg = Release|Any CPU
		{077DB0CB-0ED1-4DB9-9728-9FF7732CB0A7}.Release|Any CPU.Build.0 = Release|Any CPU
		{077DB0CB-0ED1-4DB9-9728-9FF7732CB0A7}.Release|x64.ActiveCfg = Release|Any CPU
		{077DB0CB-0ED1-4DB9-9728-9FF7732CB0A7}.Release|x64.Build.0 = Release|Any CPU
		{077DB0CB-0ED1-4DB9-9728-9FF7732CB0A7}.Release|x86.ActiveCfg = Release|Any CPU
		{077DB0CB-0ED1-4DB9-9728-9FF7732CB0A7}.Release|x86.Build.0 = Release|Any CPU
		{835981F2-5B29-4928-AC87-9F571773CA29}.Debug|Any CPU.ActiveCfg = Debug|Any CPU
		{835981F2-5B29-4928-AC87-9F571773CA29}.Debug|Any CPU.Build.0 = Debug|Any CPU
		{835981F2-5B29-4928-AC87-9F571773CA29}.Debug|x64.ActiveCfg = Debug|Any CPU
		{835981F2-5B29-4928-AC87-9F571773CA29}.Debug|x64.Build.0 = Debug|Any CPU
		{835981F2-5B29-4928-AC87-9F571773CA29}.Debug|x86.ActiveCfg = Debug|Any CPU
		{835981F2-5B29-4928-AC87-9F571773CA29}.Debug|x86.Build.0 = Debug|Any CPU
		{835981F2-5B29-4928-AC87-9F571773CA29}.Release|Any CPU.ActiveCfg = Release|Any CPU
		{835981F2-5B29-4928-AC87-9F571773CA29}.Release|Any CPU.Build.0 = Release|Any CPU
		{835981F2-5B29-4928-AC87-9F571773CA29}.Release|x64.ActiveCfg = Release|Any CPU
		{835981F2-5B29-4928-AC87-9F571773CA29}.Release|x64.Build.0 = Release|Any CPU
		{835981F2-5B29-4928-AC87-9F571773CA29}.Release|x86.ActiveCfg = Release|Any CPU
		{835981F2-5B29-4928-AC87-9F571773CA29}.Release|x86.Build.0 = Release|Any CPU
	EndGlobalSection
	GlobalSection(SolutionProperties) = preSolution
		HideSolutionNode = FALSE
	EndGlobalSection
	GlobalSection(NestedProjects) = preSolution
		{D06FDD99-79CF-4A73-9FE2-73F3A170F973} = {827E0CD3-B72D-47B6-A68D-7590B98EB39B}
		{AF571C6D-B5F4-4E8F-873C-62A6ECAA502E} = {827E0CD3-B72D-47B6-A68D-7590B98EB39B}
		{BC65EB70-0EC3-4B37-A7F6-846A434E7440} = {827E0CD3-B72D-47B6-A68D-7590B98EB39B}
		{C77D9E1B-C95A-40AB-9BEA-C402745578F8} = {0AB3BF05-4346-4AA6-1389-037BE0695223}
		{077DB0CB-0ED1-4DB9-9728-9FF7732CB0A7} = {0AB3BF05-4346-4AA6-1389-037BE0695223}
		{835981F2-5B29-4928-AC87-9F571773CA29} = {0AB3BF05-4346-4AA6-1389-037BE0695223}
		{A1111111-1111-1111-1111-111111111111} = {827E0CD3-B72D-47B6-A68D-7590B98EB39B}
		{A2222222-2222-2222-2222-222222222222} = {827E0CD3-B72D-47B6-A68D-7590B98EB39B}
	EndGlobalSection
EndGlobal
